
Microsoft Visual Studio Solution File, Format Version 12.00
# Visual Studio Version 16
VisualStudioVersion = 16.0.31019.35
MinimumVisualStudioVersion = 10.0.40219.1
Project("{FAE04EC0-301F-11D3-BF4B-00C04F79EFBC}") = "ConsoleTest1", "ConsoleTest1.csproj", "{57CB5348-385B-41AD-9019-B953317BCAFB}"
EndProject
Global
	GlobalSection(SolutionConfigurationPlatforms) = preSolution
		Debug|Any CPU = Debug|Any CPU
		Release|Any CPU = Release|Any CPU
	EndGlobalSection
	GlobalSection(ProjectConfigurationPlatforms) = postSolution
		{57CB5348-385B-41AD-9019-B953317BCAFB}.Debug|Any CPU.ActiveCfg = Debug|Any CPU
		{57CB5348-385B-41AD-9019-B953317BCAFB}.Debug|Any CPU.Build.0 = Debug|Any CPU
		{57CB5348-385B-41AD-9019-B953317BCAFB}.Release|Any CPU.ActiveCfg = Release|Any CPU
		{57CB5348-385B-41AD-9019-B953317BCAFB}.Release|Any CPU.Build.0 = Release|Any CPU
	EndGlobalSection
	GlobalSection(SolutionProperties) = preSolution
		HideSolutionNode = FALSE
	EndGlobalSection
	GlobalSection(ExtensibilityGlobals) = postSolution
		SolutionGuid = {204BA972-FA45-46CF-AC25-35743B2BBBF4}
	EndGlobalSection
EndGlobal
