
Microsoft Visual Studio Solution File, Format Version 12.00
# Visual Studio Version 16
VisualStudioVersion = 16.0.31019.35
MinimumVisualStudioVersion = 10.0.40219.1
Project("{FAE04EC0-301F-11D3-BF4B-00C04F79EFBC}") = "ConsoleApp1", "ConsoleApp1.csproj", "{F132076C-AF8C-4EF5-B44D-6435A7E62946}"
EndProject
Global
	GlobalSection(SolutionConfigurationPlatforms) = preSolution
		Debug|Any CPU = Debug|Any CPU
		Release|Any CPU = Release|Any CPU
	EndGlobalSection
	GlobalSection(ProjectConfigurationPlatforms) = postSolution
		{F132076C-AF8C-4EF5-B44D-6435A7E62946}.Debug|Any CPU.ActiveCfg = Debug|Any CPU
		{F132076C-AF8C-4EF5-B44D-6435A7E62946}.Debug|Any CPU.Build.0 = Debug|Any CPU
		{F132076C-AF8C-4EF5-B44D-6435A7E62946}.Release|Any CPU.ActiveCfg = Release|Any CPU
		{F132076C-AF8C-4EF5-B44D-6435A7E62946}.Release|Any CPU.Build.0 = Release|Any CPU
	EndGlobalSection
	GlobalSection(SolutionProperties) = preSolution
		HideSolutionNode = FALSE
	EndGlobalSection
	GlobalSection(ExtensibilityGlobals) = postSolution
		SolutionGuid = {0751B364-E27C-468A-8978-2AD4530E2BE3}
	EndGlobalSection
EndGlobal
